Microsoft Visual Studio Solution File, Format Version 12.00
# Visual Studio Version 16
VisualStudioVersion = 16.0.30114.105
MinimumVisualStudioVersion = 10.0.40219.1
Project("{2150E333-8FDC-42A3-9474-1A3956D46DE8}") = "Solution Items", "Solution Items", "{E3CCAB0F-900D-48DF-A42C-963E56973E4E}"
	ProjectSection(SolutionItems) = preProject
		NuGet.Config = NuGet.Config
	EndProjectSection
EndProject
Project("{9A19103F-16F7-4668-BE54-9A1E7A4F7556}") = "Autofac.Extras.Moq", "src\Autofac.Extras.Moq\Autofac.Extras.Moq.csproj", "{7FC6DCED-278A-449B-8BB0-95346410C8D2}"
EndProject
Project("{9A19103F-16F7-4668-BE54-9A1E7A4F7556}") = "Autofac.Extras.Moq.Test", "test\Autofac.Extras.Moq.Test\Autofac.Extras.Moq.Test.csproj", "{55C8A6C6-1852-44DE-BE39-69C04D4C2584}"
EndProject
Global
	GlobalSection(SolutionConfigurationPlatforms) = preSolution
		Debug|Any CPU = Debug|Any CPU
		Release|Any CPU = Release|Any CPU
	EndGlobalSection
	GlobalSection(ProjectConfigurationPlatforms) = postSolution
		{7FC6DCED-278A-449B-8BB0-95346410C8D2}.Debug|Any CPU.ActiveCfg = Debug|Any CPU
		{7FC6DCED-278A-449B-8BB0-95346410C8D2}.Debug|Any CPU.Build.0 = Debug|Any CPU
		{7FC6DCED-278A-449B-8BB0-95346410C8D2}.Release|Any CPU.ActiveCfg = Release|Any CPU
		{7FC6DCED-278A-449B-8BB0-95346410C8D2}.Release|Any CPU.Build.0 = Release|Any CPU
		{55C8A6C6-1852-44DE-BE39-69C04D4C2584}.Debug|Any CPU.ActiveCfg = Debug|Any CPU
		{55C8A6C6-1852-44DE-BE39-69C04D4C2584}.Debug|Any CPU.Build.0 = Debug|Any CPU
		{55C8A6C6-1852-44DE-BE39-69C04D4C2584}.Release|Any CPU.ActiveCfg = Release|Any CPU
		{55C8A6C6-1852-44DE-BE39-69C04D4C2584}.Release|Any CPU.Build.0 = Release|Any CPU
	EndGlobalSection
	GlobalSection(SolutionProperties) = preSolution
		HideSolutionNode = FALSE
	EndGlobalSection
	GlobalSection(ExtensibilityGlobals) = postSolution
		SolutionGuid = {91CFBA36-80CB-4679-8704-E3C81AE82E7C}
	EndGlobalSection
EndGlobal
